
Microsoft Visual Studio Solution File, Format Version 12.00
# Visual Studio 15
VisualStudioVersion = 15.0.26430.12
MinimumVisualStudioVersion = 10.0.40219.1
Project("{FAE04EC0-301F-11D3-BF4B-00C04F79EFBC}") = "Nivel1", "Nivel1\Nivel1.csproj", "{EA019204-68DF-42D5-BFCE-C0740B220E2F}"
EndProject
Project("{FAE04EC0-301F-11D3-BF4B-00C04F79EFBC}") = "Nivel1Tests", "Nivel1Tests\Nivel1Tests.csproj", "{AB6206CC-4C00-44E1-9715-6337F7D91144}"
EndProject
Global
	GlobalSection(SolutionConfigurationPlatforms) = preSolution
		Debug|Any CPU = Debug|Any CPU
		Release|Any CPU = Release|Any CPU
	EndGlobalSection
	GlobalSection(ProjectConfigurationPlatforms) = postSolution
		{EA019204-68DF-42D5-BFCE-C0740B220E2F}.Debug|Any CPU.ActiveCfg = Debug|Any CPU
		{EA019204-68DF-42D5-BFCE-C0740B220E2F}.Debug|Any CPU.Build.0 = Debug|Any CPU
		{EA019204-68DF-42D5-BFCE-C0740B220E2F}.Release|Any CPU.ActiveCfg = Release|Any CPU
		{EA019204-68DF-42D5-BFCE-C0740B220E2F}.Release|Any CPU.Build.0 = Release|Any CPU
		{AB6206CC-4C00-44E1-9715-6337F7D91144}.Debug|Any CPU.ActiveCfg = Debug|Any CPU
		{AB6206CC-4C00-44E1-9715-6337F7D91144}.Debug|Any CPU.Build.0 = Debug|Any CPU
		{AB6206CC-4C00-44E1-9715-6337F7D91144}.Release|Any CPU.ActiveCfg = Release|Any CPU
		{AB6206CC-4C00-44E1-9715-6337F7D91144}.Release|Any CPU.Build.0 = Release|Any CPU
	EndGlobalSection
	GlobalSection(SolutionProperties) = preSolution
		HideSolutionNode = FALSE
	EndGlobalSection
EndGlobal
